
Microsoft Visual Studio Solution File, Format Version 12.00
# Visual Studio Version 17
VisualStudioVersion = 17.8.34330.188
MinimumVisualStudioVersion = 10.0.40219.1
Project("{FAE04EC0-301F-11D3-BF4B-00C04F79EFBC}") = "Patrones Estructurales", "Patrones Estructurales.csproj", "{38AC7EB5-CB82-4CAA-A604-90B949A89289}"
EndProject
Global
	GlobalSection(SolutionConfigurationPlatforms) = preSolution
		Debug|Any CPU = Debug|Any CPU
		Release|Any CPU = Release|Any CPU
	EndGlobalSection
	GlobalSection(ProjectConfigurationPlatforms) = postSolution
		{38AC7EB5-CB82-4CAA-A604-90B949A89289}.Debug|Any CPU.ActiveCfg = Debug|Any CPU
		{38AC7EB5-CB82-4CAA-A604-90B949A89289}.Debug|Any CPU.Build.0 = Debug|Any CPU
		{38AC7EB5-CB82-4CAA-A604-90B949A89289}.Release|Any CPU.ActiveCfg = Release|Any CPU
		{38AC7EB5-CB82-4CAA-A604-90B949A89289}.Release|Any CPU.Build.0 = Release|Any CPU
	EndGlobalSection
	GlobalSection(SolutionProperties) = preSolution
		HideSolutionNode = FALSE
	EndGlobalSection
	GlobalSection(ExtensibilityGlobals) = postSolution
		SolutionGuid = {BF2DB87A-99EF-41C9-8E12-E580A69B5689}
	EndGlobalSection
EndGlobal
